
Microsoft Visual Studio Solution File, Format Version 12.00
# Visual Studio Version 17
VisualStudioVersion = 17.9.34310.174
MinimumVisualStudioVersion = 10.0.40219.1
Project("{FAE04EC0-301F-11D3-BF4B-00C04F79EFBC}") = "StockMarket", "StockMarket.csproj", "{D21C017F-A0BA-4E19-BA31-7514931BD270}"
EndProject
Global
	GlobalSection(SolutionConfigurationPlatforms) = preSolution
		Debug|Any CPU = Debug|Any CPU
		Release|Any CPU = Release|Any CPU
	EndGlobalSection
	GlobalSection(ProjectConfigurationPlatforms) = postSolution
		{D21C017F-A0BA-4E19-BA31-7514931BD270}.Debug|Any CPU.ActiveCfg = Debug|Any CPU
		{D21C017F-A0BA-4E19-BA31-7514931BD270}.Debug|Any CPU.Build.0 = Debug|Any CPU
		{D21C017F-A0BA-4E19-BA31-7514931BD270}.Release|Any CPU.ActiveCfg = Release|Any CPU
		{D21C017F-A0BA-4E19-BA31-7514931BD270}.Release|Any CPU.Build.0 = Release|Any CPU
	EndGlobalSection
	GlobalSection(SolutionProperties) = preSolution
		HideSolutionNode = FALSE
	EndGlobalSection
	GlobalSection(ExtensibilityGlobals) = postSolution
		SolutionGuid = {B818FB21-2680-4E68-B597-B4D5B81F47A1}
	EndGlobalSection
EndGlobal
